{
  "lockfileVersion": 2,
  "lockfileVersion": 2,
  "lockfileVersion": 2,
  "lockfileVersion": 2,
  "lockfileVersion": 2,
  "lockfileVersion": 2,
  "lockfileVersion": 2,
  "lockfileVersion": 2,
  "lockfileVersion": 2,
  "lockfileVersion": 2,
  "lockfileVersion": 2,
  "lockfileVersion": 2,
  "lockfileVersion": 2,
  "lockfileVersion": 2,
  "lockfileVersion": 2,
  "lockfileVersion": 2,
  "lockfileVersion": 2,
  "lockfileVersion": 2,
  "lockfileVersion": 2,
  "lockfileVersion": 2,
  "lockfileVersion": 2,
  "lockfileVersion": 2,
  "lockfileVersion": 2,
  "lockfileVersion": 2,
  "lockfileVersion": 2,
  "lockfileVersion": 2,
  "lockfileVersion": 2,
  "lockfileVersion": 2,
  "lockfileVersion": 2,
  "lockfileVersion": 2,
  "lockfileVersion": 2,
  "lockfileVersion": 2,
  "lockfileVersion": 2,
  "lockfileVersion": 2,
  "lockfileVersion": 2,
  "lockfileVersion": 2,
  "lockfileVersion": 2,
  "lockfileVersion": 2,
  "lockfileVersion": 2,
  "lockfileVersion": 2,
  "lockfileVersion": 2,
  "lockfileVersion": 2,
  "lockfileVersion": 2,
  "lockfileVersion": 2,
  "lockfileVersion": 2,
  "lockfileVersion": 2,
  "lockfileVersion": 2,
  "lockfileVersion": 2,
  "lockfileVersion": 2,
  "lockfileVersion": 2,
  "lockfileVersion": 2,
  "lockfileVersion": 2,
  "lockfileVersion": 2,
  "lockfileVersion": 2,
  "lockfileVersion": 2,
  "lockfileVersion": 2,
  "lockfileVersion": 2,
  "lockfileVersion": 2,
  "lockfileVersion": 2,
  "lockfileVersion": 2,
  "lockfileVersion": 2,
  "lockfileVersion": 2,
  "lockfileVersion": 2,
  "lockfileVersion": 2,
  "lockfileVersion": 2,
  "lockfileVersion": 2,
  "lockfileVersion": 2,
  "lockfileVersion": 2,
  "lockfileVersion": 2,
  "lockfileVersion": 2,
  "lockfileVersion": 2,
  "lockfileVersion": 2,
  "lockfileVersion": 2,
  "lockfileVersion": 2,
  "lockfileVersion": 2,
  "lockfileVersion": 2,
  "lockfileVersion": 2,
  "lockfileVersion": 2,
  "lockfileVersion": 2,
  "lockfileVersion": 2,
  "lockfileVersion": 2,
  "lockfileVersion": 2,
  "lockfileVersion": 2,
  "lockfileVersion": 2,
  "lockfileVersion": 2,
  "lockfileVersion": 2,
  "lockfileVersion": 2,
  "lockfileVersion": 2,
  "lockfileVersion": 2,
  "lockfileVersion": 2,
  "lockfileVersion": 2,
  "lockfileVersion": 2,
  "lockfileVersion": 2,
  "lockfileVersion": 2,
  "lockfileVersion": 2,
  "lockfileVersion": 2,
  "lockfileVersion": 2,
  "lockfileVersion": 2,
  "lockfileVersion": 2,
  "lockfileVersion": 2,
  "lockfileVersion": 2,
  "lockfileVersion": 2,
  "lockfileVersion": 2,
  "lockfileVersion": 2,
  "lockfileVersion": 2,
  "lockfileVersion": 2,
  "lockfileVersion": 2,
  "lockfileVersion": 2,
  "lockfileVersion": 2,
  "lockfileVersion": 2,
  "lockfileVersion": 2,
  "lockfileVersion": 2,
  "lockfileVersion": 2,
  "lockfileVersion": 2,
  "lockfileVersion": 2,
  "lockfileVersion": 2,
  "lockfileVersion": 2,
  "lockfileVersion": 2,
  "lockfileVersion": 2,
  "lockfileVersion": 2,
  "lockfileVersion": 2,
  "lockfileVersion": 2,
  "lockfileVersion": 2,
  "lockfileVersion": 2,
  "lockfileVersion": 2,
  "lockfileVersion": 2,
  "lockfileVersion": 2,
  "lockfileVersion": 2,
  "lockfileVersion": 2,
  "lockfileVersion": 2,
  "lockfileVersion": 2,
  "lockfileVersion": 2,
  "lockfileVersion": 2,
  "lockfileVersion": 2
}
